// !$*UTF8*$!
{
	archiveVersion = 1;
	classes = {
	};
	objectVersion = 55;
	objects = {

/* Begin PBXBuildFile section */
		3AFCC46288D732B5A5D655CB /* Pods_FlowerCode.framework in Frameworks */ = {isa = PBXBuildFile; fileRef = 21B0E44DF790EE887B8BAD1E /* Pods_FlowerCode.framework */; };
		9F0E502228B0DC0100B87B11 /* Flower.swift in Sources */ = {isa = PBXBuildFile; fileRef = 9F0E502128B0DC0100B87B11 /* Flower.swift */; };
		9F0E502428B0DD4400B87B11 /* FlowerDate.json in Resources */ = {isa = PBXBuildFile; fileRef = 9F0E502328B0DD4400B87B11 /* FlowerDate.json */; };
		9F0E502628B0DEF200B87B11 /* FlowerItem.swift in Sources */ = {isa = PBXBuildFile; fileRef = 9F0E502528B0DEF200B87B11 /* FlowerItem.swift */; };
		9F0E502828B0E14C00B87B11 /* Pattern.swift in Sources */ = {isa = PBXBuildFile; fileRef = 9F0E502728B0E14C00B87B11 /* Pattern.swift */; };
		9F0E502A28B0E1CF00B87B11 /* PatternData.json in Resources */ = {isa = PBXBuildFile; fileRef = 9F0E502928B0E1CF00B87B11 /* PatternData.json */; };
		9F0E502C28B0EF2D00B87B11 /* FlowerList.swift in Sources */ = {isa = PBXBuildFile; fileRef = 9F0E502B28B0EF2D00B87B11 /* FlowerList.swift */; };
		9F0E503028B10DF800B87B11 /* FlowerDetail.swift in Sources */ = {isa = PBXBuildFile; fileRef = 9F0E502F28B10DF800B87B11 /* FlowerDetail.swift */; };
		9F29DDD528AE904700D7175C /* TrimAndSculptTabBar.swift in Sources */ = {isa = PBXBuildFile; fileRef = 9F29DDD428AE904700D7175C /* TrimAndSculptTabBar.swift */; };
		9F29DDD728AE913200D7175C /* TrimAndSculpt.swift in Sources */ = {isa = PBXBuildFile; fileRef = 9F29DDD628AE913200D7175C /* TrimAndSculpt.swift */; };
		9F29DDDD28AEA7B900D7175C /* InfoRow.swift in Sources */ = {isa = PBXBuildFile; fileRef = 9F29DDDC28AEA7B900D7175C /* InfoRow.swift */; };
		9F29DDDF28AEA7EC00D7175C /* Info.swift in Sources */ = {isa = PBXBuildFile; fileRef = 9F29DDDE28AEA7EC00D7175C /* Info.swift */; };
		9F29DDE128AF33EC00D7175C /* InfoList.swift in Sources */ = {isa = PBXBuildFile; fileRef = 9F29DDE028AF33EC00D7175C /* InfoList.swift */; };
		9F29DDEA28AF555C00D7175C /* InfoData.json in Resources */ = {isa = PBXBuildFile; fileRef = 9F29DDE928AF555C00D7175C /* InfoData.json */; };
		9F29DDEC28AF689500D7175C /* FCModel.swift in Sources */ = {isa = PBXBuildFile; fileRef = 9F29DDEB28AF689500D7175C /* FCModel.swift */; };
		9F2CA40128AF7F29007BCFE8 /* InfoDetail.swift in Sources */ = {isa = PBXBuildFile; fileRef = 9F2CA40028AF7F29007BCFE8 /* InfoDetail.swift */; };
		9F76E40428B0C198006404E4 /* TipItem.swift in Sources */ = {isa = PBXBuildFile; fileRef = 9F76E40328B0C198006404E4 /* TipItem.swift */; };
		9F76E40628B0C2C3006404E4 /* Tip.swift in Sources */ = {isa = PBXBuildFile; fileRef = 9F76E40528B0C2C3006404E4 /* Tip.swift */; };
		9F76E40828B0C3EB006404E4 /* TipData.json in Resources */ = {isa = PBXBuildFile; fileRef = 9F76E40728B0C3EB006404E4 /* TipData.json */; };
		9F76E40A28B0C5A6006404E4 /* TipRow.swift in Sources */ = {isa = PBXBuildFile; fileRef = 9F76E40928B0C5A6006404E4 /* TipRow.swift */; };
		9F76E40C28B0C7BC006404E4 /* FlowerMaintenance.swift in Sources */ = {isa = PBXBuildFile; fileRef = 9F76E40B28B0C7BC006404E4 /* FlowerMaintenance.swift */; };
		9F76E40E28B0CA08006404E4 /* TipDetail.swift in Sources */ = {isa = PBXBuildFile; fileRef = 9F76E40D28B0CA08006404E4 /* TipDetail.swift */; };
		9FD5F55B28B1D9CA00983E1C /* Work.swift in Sources */ = {isa = PBXBuildFile; fileRef = 9FD5F55A28B1D9CA00983E1C /* Work.swift */; };
		9FD5F55F28B1DC3D00983E1C /* Vase.swift in Sources */ = {isa = PBXBuildFile; fileRef = 9FD5F55E28B1DC3D00983E1C /* Vase.swift */; };
		9FD5F56128B1DD0200983E1C /* BasicWorksDate.json in Resources */ = {isa = PBXBuildFile; fileRef = 9FD5F56028B1DD0200983E1C /* BasicWorksDate.json */; };
		9FD5F56328B2135D00983E1C /* VaseDate.json in Resources */ = {isa = PBXBuildFile; fileRef = 9FD5F56228B2135D00983E1C /* VaseDate.json */; };
		9FD5F56528B21A3700983E1C /* WorkItem.swift in Sources */ = {isa = PBXBuildFile; fileRef = 9FD5F56428B21A3700983E1C /* WorkItem.swift */; };
		9FE5DB5328B28134004AE5FB /* WorkDetail.swift in Sources */ = {isa = PBXBuildFile; fileRef = 9FE5DB5228B28134004AE5FB /* WorkDetail.swift */; };
		9FE5DB5528B28B4D004AE5FB /* WorkIntro.swift in Sources */ = {isa = PBXBuildFile; fileRef = 9FE5DB5428B28B4D004AE5FB /* WorkIntro.swift */; };
		9FE5DB5728B324B4004AE5FB /* WorkKey.swift in Sources */ = {isa = PBXBuildFile; fileRef = 9FE5DB5628B324B4004AE5FB /* WorkKey.swift */; };
		9FE5DB5928B327EE004AE5FB /* WorkProcess.swift in Sources */ = {isa = PBXBuildFile; fileRef = 9FE5DB5828B327EE004AE5FB /* WorkProcess.swift */; };
		AF35405728748A1100A39E33 /* FlowerCodeApp.swift in Sources */ = {isa = PBXBuildFile; fileRef = AF35405628748A1100A39E33 /* FlowerCodeApp.swift */; };
		AF35406328748A1200A39E33 /* FlowerCode.xcdatamodeld in Sources */ = {isa = PBXBuildFile; fileRef = AF35406128748A1200A39E33 /* FlowerCode.xcdatamodeld */; };
		AF3540BB28748AEE00A39E33 /* FCDocument.swift in Sources */ = {isa = PBXBuildFile; fileRef = AF35406C28748AED00A39E33 /* FCDocument.swift */; };
		AF3540BC28748AEE00A39E33 /* Experience.rcproject in Sources */ = {isa = PBXBuildFile; fileRef = AF35406D28748AED00A39E33 /* Experience.rcproject */; };
		AF3540BF28748AEE00A39E33 /* Assets.xcassets in Resources */ = {isa = PBXBuildFile; fileRef = AF35407128748AED00A39E33 /* Assets.xcassets */; };
		AF3540C028748AEE00A39E33 /* FlowerWorksTabBar.swift in Sources */ = {isa = PBXBuildFile; fileRef = AF35407428748AEE00A39E33 /* FlowerWorksTabBar.swift */; };
		AF3540C128748AEE00A39E33 /* FloralWorks.swift in Sources */ = {isa = PBXBuildFile; fileRef = AF35407528748AEE00A39E33 /* FloralWorks.swift */; };
		AF3540C528748AEE00A39E33 /* WorkList.swift in Sources */ = {isa = PBXBuildFile; fileRef = AF35407A28748AEE00A39E33 /* WorkList.swift */; };
		AF3540C628748AEE00A39E33 /* WorkDetailTabBar.swift in Sources */ = {isa = PBXBuildFile; fileRef = AF35407B28748AEE00A39E33 /* WorkDetailTabBar.swift */; };
		AF3540C728748AEE00A39E33 /* alta-essencial-wood-padrao-carvalho-taupo.png in Resources */ = {isa = PBXBuildFile; fileRef = AF35407F28748AEE00A39E33 /* alta-essencial-wood-padrao-carvalho-taupo.png */; };
		AF3540C828748AEE00A39E33 /* background.jpg in Resources */ = {isa = PBXBuildFile; fileRef = AF35408028748AEE00A39E33 /* background.jpg */; };
		AF3540C928748AEE00A39E33 /* Texture.tga in Resources */ = {isa = PBXBuildFile; fileRef = AF35408128748AEE00A39E33 /* Texture.tga */; };
		AF3540CA28748AEE00A39E33 /* scene.dae in Resources */ = {isa = PBXBuildFile; fileRef = AF35408228748AEE00A39E33 /* scene.dae */; };
		AF3540DA28748AEE00A39E33 /* ArrangeView.swift in Sources */ = {isa = PBXBuildFile; fileRef = AF35409528748AEE00A39E33 /* ArrangeView.swift */; };
		AF3540DB28748AEE00A39E33 /* FlowerCreation.swift in Sources */ = {isa = PBXBuildFile; fileRef = AF35409628748AEE00A39E33 /* FlowerCreation.swift */; };
		AF3540DC28748AEE00A39E33 /* ARView.swift in Sources */ = {isa = PBXBuildFile; fileRef = AF35409728748AEE00A39E33 /* ARView.swift */; };
		AF3540DD28748AEE00A39E33 /* UserEvents.swift in Sources */ = {isa = PBXBuildFile; fileRef = AF35409A28748AEE00A39E33 /* UserEvents.swift */; };
		AF3540DE28748AEE00A39E33 /* CameraActions.swift in Sources */ = {isa = PBXBuildFile; fileRef = AF35409B28748AEE00A39E33 /* CameraActions.swift */; };
		AF3540DF28748AEE00A39E33 /* CameraViewController.swift in Sources */ = {isa = PBXBuildFile; fileRef = AF35409C28748AEE00A39E33 /* CameraViewController.swift */; };
		AF3540E028748AEE00A39E33 /* CameraViewControllerDelegate.swift in Sources */ = {isa = PBXBuildFile; fileRef = AF35409D28748AEE00A39E33 /* CameraViewControllerDelegate.swift */; };
		AF3540E128748AEE00A39E33 /* CameraView.swift in Sources */ = {isa = PBXBuildFile; fileRef = AF35409E28748AEE00A39E33 /* CameraView.swift */; };
		AF3540E228748AEE00A39E33 /* ImagePicker.swift in Sources */ = {isa = PBXBuildFile; fileRef = AF35409F28748AEE00A39E33 /* ImagePicker.swift */; };
		AF3540E328748AEE00A39E33 /* Flower5.mlmodel in Sources */ = {isa = PBXBuildFile; fileRef = AF3540A028748AEE00A39E33 /* Flower5.mlmodel */; };
		AF3540E428748AEE00A39E33 /* FlowerIdentificationView.swift in Sources */ = {isa = PBXBuildFile; fileRef = AF3540A128748AEE00A39E33 /* FlowerIdentificationView.swift */; };
		AF3540E528748AEE00A39E33 /* MyImageView.swift in Sources */ = {isa = PBXBuildFile; fileRef = AF3540A228748AEE00A39E33 /* MyImageView.swift */; };
		AF3540E628748AEE00A39E33 /* CameraInterfaceView.swift in Sources */ = {isa = PBXBuildFile; fileRef = AF3540A328748AEE00A39E33 /* CameraInterfaceView.swift */; };
		AF3540E728748AEE00A39E33 /* MLResultView.swift in Sources */ = {isa = PBXBuildFile; fileRef = AF3540A428748AEE00A39E33 /* MLResultView.swift */; };
		AF3540E828748AEE00A39E33 /* CommunityDiscovery.swift in Sources */ = {isa = PBXBuildFile; fileRef = AF3540A628748AEE00A39E33 /* CommunityDiscovery.swift */; };
		AF3540E928748AEE00A39E33 /* CommunityDiscussion.swift in Sources */ = {isa = PBXBuildFile; fileRef = AF3540A728748AEE00A39E33 /* CommunityDiscussion.swift */; };
		AF3540EA28748AEE00A39E33 /* CommunityDiscussionTabBar.swift in Sources */ = {isa = PBXBuildFile; fileRef = AF3540A828748AEE00A39E33 /* CommunityDiscussionTabBar.swift */; };
		AF3540EF28748AEE00A39E33 /* FlowerMapTabBar.swift in Sources */ = {isa = PBXBuildFile; fileRef = AF3540B028748AEE00A39E33 /* FlowerMapTabBar.swift */; };
		AF3540F028748AEE00A39E33 /* FlowerMap.swift in Sources */ = {isa = PBXBuildFile; fileRef = AF3540B128748AEE00A39E33 /* FlowerMap.swift */; };
		AF3540F128748AEE00A39E33 /* FlowerKnowledge.swift in Sources */ = {isa = PBXBuildFile; fileRef = AF3540B328748AEE00A39E33 /* FlowerKnowledge.swift */; };
		AF3540F228748AEE00A39E33 /* LoginView.swift in Sources */ = {isa = PBXBuildFile; fileRef = AF3540B528748AEE00A39E33 /* LoginView.swift */; };
		AF3540F328748AEE00A39E33 /* MainViewTabBar.swift in Sources */ = {isa = PBXBuildFile; fileRef = AF3540B628748AEE00A39E33 /* MainViewTabBar.swift */; };
		AF3540F428748AEE00A39E33 /* MainView.swift in Sources */ = {isa = PBXBuildFile; fileRef = AF3540B728748AEE00A39E33 /* MainView.swift */; };
		AF3540F528748AEE00A39E33 /* PersonalCenter.swift in Sources */ = {isa = PBXBuildFile; fileRef = AF3540B928748AEE00A39E33 /* PersonalCenter.swift */; };
		AF3540F828748BA500A39E33 /* Preview Assets.xcassets in Resources */ = {isa = PBXBuildFile; fileRef = AF3540F728748BA500A39E33 /* Preview Assets.xcassets */; };
		AF3540FA28748BF200A39E33 /* ContentView.swift in Sources */ = {isa = PBXBuildFile; fileRef = AF3540F928748BF200A39E33 /* ContentView.swift */; };
		AF3540FC28748C3A00A39E33 /* Persistence.swift in Sources */ = {isa = PBXBuildFile; fileRef = AF3540FB28748C3A00A39E33 /* Persistence.swift */; };
		AF3540FF287490E300A39E33 /* huatong.dae in Resources */ = {isa = PBXBuildFile; fileRef = AF3540FE287490E300A39E33 /* huatong.dae */; };
		AF3541042874916100A39E33 /* Concrete01 [softsaaz.ir].jpg in Resources */ = {isa = PBXBuildFile; fileRef = AF3541022874916100A39E33 /* Concrete01 [softsaaz.ir].jpg */; };
		AF3541052874916100A39E33 /* huaping.dae in Resources */ = {isa = PBXBuildFile; fileRef = AF3541032874916100A39E33 /* huaping.dae */; };
		AF52595D28C06E9700110173 /* flowerSet_meigui.dae in Resources */ = {isa = PBXBuildFile; fileRef = AF52595B28C06E9700110173 /* flowerSet_meigui.dae */; };
		AF52595E28C06E9700110173 /* Image_6.003.jpg in Resources */ = {isa = PBXBuildFile; fileRef = AF52595C28C06E9700110173 /* Image_6.003.jpg */; };
		AF52597128C09ADF00110173 /* Image_10.001.png in Resources */ = {isa = PBXBuildFile; fileRef = AF52596028C09ADF00110173 /* Image_10.001.png */; };
		AF52597228C09ADF00110173 /* Image_4.001.png in Resources */ = {isa = PBXBuildFile; fileRef = AF52596128C09ADF00110173 /* Image_4.001.png */; };
		AF52597328C09ADF00110173 /* Image_5.001.png in Resources */ = {isa = PBXBuildFile; fileRef = AF52596228C09ADF00110173 /* Image_5.001.png */; };
		AF52597428C09ADF00110173 /* Image_7.001.png in Resources */ = {isa = PBXBuildFile; fileRef = AF52596328C09ADF00110173 /* Image_7.001.png */; };
		AF52597528C09ADF00110173 /* Image0001.png in Resources */ = {isa = PBXBuildFile; fileRef = AF52596428C09ADF00110173 /* Image0001.png */; };
		AF52597628C09ADF00110173 /* Image21.png in Resources */ = {isa = PBXBuildFile; fileRef = AF52596528C09ADF00110173 /* Image21.png */; };
		AF52597728C09ADF00110173 /* Image20.png in Resources */ = {isa = PBXBuildFile; fileRef = AF52596628C09ADF00110173 /* Image20.png */; };
		AF52597828C09ADF00110173 /* Image_7_001.png in Resources */ = {isa = PBXBuildFile; fileRef = AF52596728C09ADF00110173 /* Image_7_001.png */; };
		AF52597928C09ADF00110173 /* Image_3.001.png in Resources */ = {isa = PBXBuildFile; fileRef = AF52596828C09ADF00110173 /* Image_3.001.png */; };
		AF52597A28C09ADF00110173 /* Image 1 001.png in Resources */ = {isa = PBXBuildFile; fileRef = AF52596928C09ADF00110173 /* Image 1 001.png */; };
		AF52597B28C09ADF00110173 /* Image_4.png in Resources */ = {isa = PBXBuildFile; fileRef = AF52596A28C09ADF00110173 /* Image_4.png */; };
		AF52597C28C09ADF00110173 /* Image_2.001.png in Resources */ = {isa = PBXBuildFile; fileRef = AF52596B28C09ADF00110173 /* Image_2.001.png */; };
		AF52597D28C09ADF00110173 /* Image_201.png in Resources */ = {isa = PBXBuildFile; fileRef = AF52596C28C09ADF00110173 /* Image_201.png */; };
		AF52597E28C09ADF00110173 /* Image_9.001.png in Resources */ = {isa = PBXBuildFile; fileRef = AF52596D28C09ADF00110173 /* Image_9.001.png */; };
		AF52597F28C09ADF00110173 /* Image_5_001.png in Resources */ = {isa = PBXBuildFile; fileRef = AF52596E28C09ADF00110173 /* Image_5_001.png */; };
		AF52598028C09ADF00110173 /* flowerSet.dae in Resources */ = {isa = PBXBuildFile; fileRef = AF52596F28C09ADF00110173 /* flowerSet.dae */; };
		AF52598128C09ADF00110173 /* Image_8.001.png in Resources */ = {isa = PBXBuildFile; fileRef = AF52597028C09ADF00110173 /* Image_8.001.png */; };
		AF52598728C0A57A00110173 /* Image_5.002.jpg in Resources */ = {isa = PBXBuildFile; fileRef = AF52598328C0A57A00110173 /* Image_5.002.jpg */; };
		AF52598828C0A57A00110173 /* flowerSet_baizhang.dae in Resources */ = {isa = PBXBuildFile; fileRef = AF52598428C0A57A00110173 /* flowerSet_baizhang.dae */; };
		AF52598928C0A57A00110173 /* Image_2.002.jpg in Resources */ = {isa = PBXBuildFile; fileRef = AF52598528C0A57A00110173 /* Image_2.002.jpg */; };
		AF52598A28C0A57A00110173 /* Image_1.002.jpg in Resources */ = {isa = PBXBuildFile; fileRef = AF52598628C0A57A00110173 /* Image_1.002.jpg */; };
		AF52598C28C0A58800110173 /* flowerSet_yujinxiang.dae in Resources */ = {isa = PBXBuildFile; fileRef = AF52598B28C0A58800110173 /* flowerSet_yujinxiang.dae */; };
		AF52599328C0AF0700110173 /* vaseSet.dae in Resources */ = {isa = PBXBuildFile; fileRef = AF52598E28C0AF0700110173 /* vaseSet.dae */; };
		AF52599428C0AF0700110173 /* Image_11.001.jpg in Resources */ = {isa = PBXBuildFile; fileRef = AF52598F28C0AF0700110173 /* Image_11.001.jpg */; };
		AF52599528C0AF0700110173 /* Vases_Base_Color.png.001.png in Resources */ = {isa = PBXBuildFile; fileRef = AF52599028C0AF0700110173 /* Vases_Base_Color.png.001.png */; };
		AF52599628C0AF0700110173 /* Image_3.002.jpg in Resources */ = {isa = PBXBuildFile; fileRef = AF52599128C0AF0700110173 /* Image_3.002.jpg */; };
		AF52599728C0AF0700110173 /* Image_0.002.jpg in Resources */ = {isa = PBXBuildFile; fileRef = AF52599228C0AF0700110173 /* Image_0.002.jpg */; };
		AF9F715428BFD46100143639 /* CreateScene.dae in Resources */ = {isa = PBXBuildFile; fileRef = AF9F715328BFD46100143639 /* CreateScene.dae */; };
		AFF8EF6128BD0DD400D9763C /* Image_14.png in Resources */ = {isa = PBXBuildFile; fileRef = AFF8EF5928BD0DD400D9763C /* Image_14.png */; };
		AFF8EF6228BD0DD400D9763C /* Image_11.jpg in Resources */ = {isa = PBXBuildFile; fileRef = AFF8EF5A28BD0DD400D9763C /* Image_11.jpg */; };
		AFF8EF6428BD0DD400D9763C /* Image_9.jpg in Resources */ = {isa = PBXBuildFile; fileRef = AFF8EF5C28BD0DD400D9763C /* Image_9.jpg */; };
		AFF8EF6528BD0DD400D9763C /* Image_3.jpg in Resources */ = {isa = PBXBuildFile; fileRef = AFF8EF5D28BD0DD400D9763C /* Image_3.jpg */; };
		AFF8EF6628BD0DD400D9763C /* Image_0.jpg in Resources */ = {isa = PBXBuildFile; fileRef = AFF8EF5E28BD0DD400D9763C /* Image_0.jpg */; };
		AFF8EF6728BD0DD400D9763C /* Image_6.jpg in Resources */ = {isa = PBXBuildFile; fileRef = AFF8EF5F28BD0DD400D9763C /* Image_6.jpg */; };
		AFF8EF6828BD0DD400D9763C /* Image_20.png in Resources */ = {isa = PBXBuildFile; fileRef = AFF8EF6028BD0DD400D9763C /* Image_20.png */; };
/* End PBXBuildFile section */

/* Begin PBXFileReference section */
		21B0E44DF790EE887B8BAD1E /* Pods_FlowerCode.framework */ = {isa = PBXFileReference; explicitFileType = wrapper.framework; includeInIndex = 0; path = Pods_FlowerCode.framework; sourceTree = BUILT_PRODUCTS_DIR; };
		8B9D7364FDA3E5F77E85F275 /* Pods-FlowerCode.release.xcconfig */ = {isa = PBXFileReference; includeInIndex = 1; lastKnownFileType = text.xcconfig; name = "Pods-FlowerCode.release.xcconfig"; path = "Target Support Files/Pods-FlowerCode/Pods-FlowerCode.release.xcconfig"; sourceTree = "<group>"; };
		9F0E502128B0DC0100B87B11 /* Flower.swift */ = {isa = PBXFileReference; lastKnownFileType = sourcecode.swift; path = Flower.swift; sourceTree = "<group>"; };
		9F0E502328B0DD4400B87B11 /* FlowerDate.json */ = {isa = PBXFileReference; fileEncoding = 4; lastKnownFileType = text.json; path = FlowerDate.json; sourceTree = "<group>"; };
		9F0E502528B0DEF200B87B11 /* FlowerItem.swift */ = {isa = PBXFileReference; lastKnownFileType = sourcecode.swift; path = FlowerItem.swift; sourceTree = "<group>"; };
		9F0E502728B0E14C00B87B11 /* Pattern.swift */ = {isa = PBXFileReference; lastKnownFileType = sourcecode.swift; path = Pattern.swift; sourceTree = "<group>"; };
		9F0E502928B0E1CF00B87B11 /* PatternData.json */ = {isa = PBXFileReference; fileEncoding = 4; lastKnownFileType = text.json; path = PatternData.json; sourceTree = "<group>"; };
		9F0E502B28B0EF2D00B87B11 /* FlowerList.swift */ = {isa = PBXFileReference; lastKnownFileType = sourcecode.swift; path = FlowerList.swift; sourceTree = "<group>"; };
		9F0E502F28B10DF800B87B11 /* FlowerDetail.swift */ = {isa = PBXFileReference; lastKnownFileType = sourcecode.swift; path = FlowerDetail.swift; sourceTree = "<group>"; };
		9F29DDD428AE904700D7175C /* TrimAndSculptTabBar.swift */ = {isa = PBXFileReference; lastKnownFileType = sourcecode.swift; path = TrimAndSculptTabBar.swift; sourceTree = "<group>"; };
		9F29DDD628AE913200D7175C /* TrimAndSculpt.swift */ = {isa = PBXFileReference; lastKnownFileType = sourcecode.swift; path = TrimAndSculpt.swift; sourceTree = "<group>"; };
		9F29DDDC28AEA7B900D7175C /* InfoRow.swift */ = {isa = PBXFileReference; lastKnownFileType = sourcecode.swift; path = InfoRow.swift; sourceTree = "<group>"; };
		9F29DDDE28AEA7EC00D7175C /* Info.swift */ = {isa = PBXFileReference; lastKnownFileType = sourcecode.swift; path = Info.swift; sourceTree = "<group>"; };
		9F29DDE028AF33EC00D7175C /* InfoList.swift */ = {isa = PBXFileReference; lastKnownFileType = sourcecode.swift; path = InfoList.swift; sourceTree = "<group>"; };
		9F29DDE928AF555C00D7175C /* InfoData.json */ = {isa = PBXFileReference; fileEncoding = 4; lastKnownFileType = text.json; path = InfoData.json; sourceTree = "<group>"; };
		9F29DDEB28AF689500D7175C /* FCModel.swift */ = {isa = PBXFileReference; lastKnownFileType = sourcecode.swift; path = FCModel.swift; sourceTree = "<group>"; };
		9F2CA40028AF7F29007BCFE8 /* InfoDetail.swift */ = {isa = PBXFileReference; lastKnownFileType = sourcecode.swift; path = InfoDetail.swift; sourceTree = "<group>"; };
		9F76E40328B0C198006404E4 /* TipItem.swift */ = {isa = PBXFileReference; lastKnownFileType = sourcecode.swift; path = TipItem.swift; sourceTree = "<group>"; };
		9F76E40528B0C2C3006404E4 /* Tip.swift */ = {isa = PBXFileReference; lastKnownFileType = sourcecode.swift; path = Tip.swift; sourceTree = "<group>"; };
		9F76E40728B0C3EB006404E4 /* TipData.json */ = {isa = PBXFileReference; fileEncoding = 4; lastKnownFileType = text.json; path = TipData.json; sourceTree = "<group>"; };
		9F76E40928B0C5A6006404E4 /* TipRow.swift */ = {isa = PBXFileReference; lastKnownFileType = sourcecode.swift; path = TipRow.swift; sourceTree = "<group>"; };
		9F76E40B28B0C7BC006404E4 /* FlowerMaintenance.swift */ = {isa = PBXFileReference; lastKnownFileType = sourcecode.swift; path = FlowerMaintenance.swift; sourceTree = "<group>"; };
		9F76E40D28B0CA08006404E4 /* TipDetail.swift */ = {isa = PBXFileReference; lastKnownFileType = sourcecode.swift; path = TipDetail.swift; sourceTree = "<group>"; };
		9FD5F55A28B1D9CA00983E1C /* Work.swift */ = {isa = PBXFileReference; lastKnownFileType = sourcecode.swift; path = Work.swift; sourceTree = "<group>"; };
		9FD5F55E28B1DC3D00983E1C /* Vase.swift */ = {isa = PBXFileReference; lastKnownFileType = sourcecode.swift; path = Vase.swift; sourceTree = "<group>"; };
		9FD5F56028B1DD0200983E1C /* BasicWorksDate.json */ = {isa = PBXFileReference; fileEncoding = 4; lastKnownFileType = text.json; path = BasicWorksDate.json; sourceTree = "<group>"; };
		9FD5F56228B2135D00983E1C /* VaseDate.json */ = {isa = PBXFileReference; fileEncoding = 4; lastKnownFileType = text.json; path = VaseDate.json; sourceTree = "<group>"; };
		9FD5F56428B21A3700983E1C /* WorkItem.swift */ = {isa = PBXFileReference; lastKnownFileType = sourcecode.swift; path = WorkItem.swift; sourceTree = "<group>"; };
		9FE5DB5228B28134004AE5FB /* WorkDetail.swift */ = {isa = PBXFileReference; lastKnownFileType = sourcecode.swift; path = WorkDetail.swift; sourceTree = "<group>"; };
		9FE5DB5428B28B4D004AE5FB /* WorkIntro.swift */ = {isa = PBXFileReference; lastKnownFileType = sourcecode.swift; path = WorkIntro.swift; sourceTree = "<group>"; };
		9FE5DB5628B324B4004AE5FB /* WorkKey.swift */ = {isa = PBXFileReference; lastKnownFileType = sourcecode.swift; path = WorkKey.swift; sourceTree = "<group>"; };
		9FE5DB5828B327EE004AE5FB /* WorkProcess.swift */ = {isa = PBXFileReference; lastKnownFileType = sourcecode.swift; path = WorkProcess.swift; sourceTree = "<group>"; };
		AF35405328748A1100A39E33 /* FlowerCode.app */ = {isa = PBXFileReference; explicitFileType = wrapper.application; includeInIndex = 0; path = FlowerCode.app; sourceTree = BUILT_PRODUCTS_DIR; };
		AF35405628748A1100A39E33 /* FlowerCodeApp.swift */ = {isa = PBXFileReference; lastKnownFileType = sourcecode.swift; path = FlowerCodeApp.swift; sourceTree = "<group>"; };
		AF35406228748A1200A39E33 /* FlowerCode.xcdatamodel */ = {isa = PBXFileReference; lastKnownFileType = wrapper.xcdatamodel; path = FlowerCode.xcdatamodel; sourceTree = "<group>"; };
		AF35406C28748AED00A39E33 /* FCDocument.swift */ = {isa = PBXFileReference; fileEncoding = 4; lastKnownFileType = sourcecode.swift; path = FCDocument.swift; sourceTree = "<group>"; };
		AF35406D28748AED00A39E33 /* Experience.rcproject */ = {isa = PBXFileReference; lastKnownFileType = file.rcproject; path = Experience.rcproject; sourceTree = "<group>"; };
		AF35407128748AED00A39E33 /* Assets.xcassets */ = {isa = PBXFileReference; lastKnownFileType = folder.assetcatalog; path = Assets.xcassets; sourceTree = "<group>"; };
		AF35407428748AEE00A39E33 /* FlowerWorksTabBar.swift */ = {isa = PBXFileReference; fileEncoding = 4; lastKnownFileType = sourcecode.swift; path = FlowerWorksTabBar.swift; sourceTree = "<group>"; };
		AF35407528748AEE00A39E33 /* FloralWorks.swift */ = {isa = PBXFileReference; fileEncoding = 4; lastKnownFileType = sourcecode.swift; path = FloralWorks.swift; sourceTree = "<group>"; };
		AF35407A28748AEE00A39E33 /* WorkList.swift */ = {isa = PBXFileReference; fileEncoding = 4; lastKnownFileType = sourcecode.swift; path = WorkList.swift; sourceTree = "<group>"; };
		AF35407B28748AEE00A39E33 /* WorkDetailTabBar.swift */ = {isa = PBXFileReference; fileEncoding = 4; lastKnownFileType = sourcecode.swift; path = WorkDetailTabBar.swift; sourceTree = "<group>"; };
		AF35407F28748AEE00A39E33 /* alta-essencial-wood-padrao-carvalho-taupo.png */ = {isa = PBXFileReference; lastKnownFileType = image.png; path = "alta-essencial-wood-padrao-carvalho-taupo.png"; sourceTree = "<group>"; };
		AF35408028748AEE00A39E33 /* background.jpg */ = {isa = PBXFileReference; lastKnownFileType = image.jpeg; path = background.jpg; sourceTree = "<group>"; };
		AF35408128748AEE00A39E33 /* Texture.tga */ = {isa = PBXFileReference; lastKnownFileType = file; path = Texture.tga; sourceTree = "<group>"; };
		AF35408228748AEE00A39E33 /* scene.dae */ = {isa = PBXFileReference; fileEncoding = 4; lastKnownFileType = text.xml.dae; path = scene.dae; sourceTree = "<group>"; };
		AF35409528748AEE00A39E33 /* ArrangeView.swift */ = {isa = PBXFileReference; fileEncoding = 4; lastKnownFileType = sourcecode.swift; path = ArrangeView.swift; sourceTree = "<group>"; };
		AF35409628748AEE00A39E33 /* FlowerCreation.swift */ = {isa = PBXFileReference; fileEncoding = 4; lastKnownFileType = sourcecode.swift; path = FlowerCreation.swift; sourceTree = "<group>"; };
		AF35409728748AEE00A39E33 /* ARView.swift */ = {isa = PBXFileReference; fileEncoding = 4; lastKnownFileType = sourcecode.swift; path = ARView.swift; sourceTree = "<group>"; };
		AF35409A28748AEE00A39E33 /* UserEvents.swift */ = {isa = PBXFileReference; fileEncoding = 4; lastKnownFileType = sourcecode.swift; path = UserEvents.swift; sourceTree = "<group>"; };
		AF35409B28748AEE00A39E33 /* CameraActions.swift */ = {isa = PBXFileReference; fileEncoding = 4; lastKnownFileType = sourcecode.swift; path = CameraActions.swift; sourceTree = "<group>"; };
		AF35409C28748AEE00A39E33 /* CameraViewController.swift */ = {isa = PBXFileReference; fileEncoding = 4; lastKnownFileType = sourcecode.swift; path = CameraViewController.swift; sourceTree = "<group>"; };
		AF35409D28748AEE00A39E33 /* CameraViewControllerDelegate.swift */ = {isa = PBXFileReference; fileEncoding = 4; lastKnownFileType = sourcecode.swift; path = CameraViewControllerDelegate.swift; sourceTree = "<group>"; };
		AF35409E28748AEE00A39E33 /* CameraView.swift */ = {isa = PBXFileReference; fileEncoding = 4; lastKnownFileType = sourcecode.swift; path = CameraView.swift; sourceTree = "<group>"; };
		AF35409F28748AEE00A39E33 /* ImagePicker.swift */ = {isa = PBXFileReference; fileEncoding = 4; lastKnownFileType = sourcecode.swift; path = ImagePicker.swift; sourceTree = "<group>"; };
		AF3540A028748AEE00A39E33 /* Flower5.mlmodel */ = {isa = PBXFileReference; lastKnownFileType = file.mlmodel; path = Flower5.mlmodel; sourceTree = "<group>"; };
		AF3540A128748AEE00A39E33 /* FlowerIdentificationView.swift */ = {isa = PBXFileReference; fileEncoding = 4; lastKnownFileType = sourcecode.swift; path = FlowerIdentificationView.swift; sourceTree = "<group>"; };
		AF3540A228748AEE00A39E33 /* MyImageView.swift */ = {isa = PBXFileReference; fileEncoding = 4; lastKnownFileType = sourcecode.swift; path = MyImageView.swift; sourceTree = "<group>"; };
		AF3540A328748AEE00A39E33 /* CameraInterfaceView.swift */ = {isa = PBXFileReference; fileEncoding = 4; lastKnownFileType = sourcecode.swift; path = CameraInterfaceView.swift; sourceTree = "<group>"; };
		AF3540A428748AEE00A39E33 /* MLResultView.swift */ = {isa = PBXFileReference; fileEncoding = 4; lastKnownFileType = sourcecode.swift; path = MLResultView.swift; sourceTree = "<group>"; };
		AF3540A628748AEE00A39E33 /* CommunityDiscovery.swift */ = {isa = PBXFileReference; fileEncoding = 4; lastKnownFileType = sourcecode.swift; path = CommunityDiscovery.swift; sourceTree = "<group>"; };
		AF3540A728748AEE00A39E33 /* CommunityDiscussion.swift */ = {isa = PBXFileReference; fileEncoding = 4; lastKnownFileType = sourcecode.swift; path = CommunityDiscussion.swift; sourceTree = "<group>"; };
		AF3540A828748AEE00A39E33 /* CommunityDiscussionTabBar.swift */ = {isa = PBXFileReference; fileEncoding = 4; lastKnownFileType = sourcecode.swift; path = CommunityDiscussionTabBar.swift; sourceTree = "<group>"; };
		AF3540B028748AEE00A39E33 /* FlowerMapTabBar.swift */ = {isa = PBXFileReference; fileEncoding = 4; lastKnownFileType = sourcecode.swift; path = FlowerMapTabBar.swift; sourceTree = "<group>"; };
		AF3540B128748AEE00A39E33 /* FlowerMap.swift */ = {isa = PBXFileReference; fileEncoding = 4; lastKnownFileType = sourcecode.swift; path = FlowerMap.swift; sourceTree = "<group>"; };
		AF3540B328748AEE00A39E33 /* FlowerKnowledge.swift */ = {isa = PBXFileReference; fileEncoding = 4; lastKnownFileType = sourcecode.swift; path = FlowerKnowledge.swift; sourceTree = "<group>"; };
		AF3540B528748AEE00A39E33 /* LoginView.swift */ = {isa = PBXFileReference; fileEncoding = 4; lastKnownFileType = sourcecode.swift; path = LoginView.swift; sourceTree = "<group>"; };
		AF3540B628748AEE00A39E33 /* MainViewTabBar.swift */ = {isa = PBXFileReference; fileEncoding = 4; lastKnownFileType = sourcecode.swift; path = MainViewTabBar.swift; sourceTree = "<group>"; };
		AF3540B728748AEE00A39E33 /* MainView.swift */ = {isa = PBXFileReference; fileEncoding = 4; lastKnownFileType = sourcecode.swift; path = MainView.swift; sourceTree = "<group>"; };
		AF3540B928748AEE00A39E33 /* PersonalCenter.swift */ = {isa = PBXFileReference; fileEncoding = 4; lastKnownFileType = sourcecode.swift; path = PersonalCenter.swift; sourceTree = "<group>"; };
		AF3540F728748BA500A39E33 /* Preview Assets.xcassets */ = {isa = PBXFileReference; lastKnownFileType = folder.assetcatalog; path = "Preview Assets.xcassets"; sourceTree = "<group>"; };
		AF3540F928748BF200A39E33 /* ContentView.swift */ = {isa = PBXFileReference; fileEncoding = 4; lastKnownFileType = sourcecode.swift; path = ContentView.swift; sourceTree = "<group>"; };
		AF3540FB28748C3A00A39E33 /* Persistence.swift */ = {isa = PBXFileReference; fileEncoding = 4; lastKnownFileType = sourcecode.swift; path = Persistence.swift; sourceTree = "<group>"; };
		AF3540FE287490E300A39E33 /* huatong.dae */ = {isa = PBXFileReference; fileEncoding = 4; lastKnownFileType = text.xml.dae; path = huatong.dae; sourceTree = "<group>"; };
		AF3541022874916100A39E33 /* Concrete01 [softsaaz.ir].jpg */ = {isa = PBXFileReference; lastKnownFileType = image.jpeg; path = "Concrete01 [softsaaz.ir].jpg"; sourceTree = "<group>"; };
		AF3541032874916100A39E33 /* huaping.dae */ = {isa = PBXFileReference; fileEncoding = 4; lastKnownFileType = text.xml.dae; path = huaping.dae; sourceTree = "<group>"; };
		AF52595B28C06E9700110173 /* flowerSet_meigui.dae */ = {isa = PBXFileReference; fileEncoding = 4; lastKnownFileType = text.xml.dae; path = flowerSet_meigui.dae; sourceTree = "<group>"; };
		AF52595C28C06E9700110173 /* Image_6.003.jpg */ = {isa = PBXFileReference; lastKnownFileType = image.jpeg; path = Image_6.003.jpg; sourceTree = "<group>"; };
		AF52596028C09ADF00110173 /* Image_10.001.png */ = {isa = PBXFileReference; lastKnownFileType = image.png; path = Image_10.001.png; sourceTree = "<group>"; };
		AF52596128C09ADF00110173 /* Image_4.001.png */ = {isa = PBXFileReference; lastKnownFileType = image.png; path = Image_4.001.png; sourceTree = "<group>"; };
		AF52596228C09ADF00110173 /* Image_5.001.png */ = {isa = PBXFileReference; lastKnownFileType = image.png; path = Image_5.001.png; sourceTree = "<group>"; };
		AF52596328C09ADF00110173 /* Image_7.001.png */ = {isa = PBXFileReference; lastKnownFileType = image.png; path = Image_7.001.png; sourceTree = "<group>"; };
		AF52596428C09ADF00110173 /* Image0001.png */ = {isa = PBXFileReference; lastKnownFileType = image.png; path = Image0001.png; sourceTree = "<group>"; };
		AF52596528C09ADF00110173 /* Image21.png */ = {isa = PBXFileReference; lastKnownFileType = image.png; path = Image21.png; sourceTree = "<group>"; };
		AF52596628C09ADF00110173 /* Image20.png */ = {isa = PBXFileReference; lastKnownFileType = image.png; path = Image20.png; sourceTree = "<group>"; };
		AF52596728C09ADF00110173 /* Image_7_001.png */ = {isa = PBXFileReference; lastKnownFileType = image.png; path = Image_7_001.png; sourceTree = "<group>"; };
		AF52596828C09ADF00110173 /* Image_3.001.png */ = {isa = PBXFileReference; lastKnownFileType = image.png; path = Image_3.001.png; sourceTree = "<group>"; };
		AF52596928C09ADF00110173 /* Image 1 001.png */ = {isa = PBXFileReference; lastKnownFileType = image.png; path = "Image 1 001.png"; sourceTree = "<group>"; };
		AF52596A28C09ADF00110173 /* Image_4.png */ = {isa = PBXFileReference; lastKnownFileType = image.png; path = Image_4.png; sourceTree = "<group>"; };
		AF52596B28C09ADF00110173 /* Image_2.001.png */ = {isa = PBXFileReference; lastKnownFileType = image.png; path = Image_2.001.png; sourceTree = "<group>"; };
		AF52596C28C09ADF00110173 /* Image_201.png */ = {isa = PBXFileReference; lastKnownFileType = image.png; path = Image_201.png; sourceTree = "<group>"; };
		AF52596D28C09ADF00110173 /* Image_9.001.png */ = {isa = PBXFileReference; lastKnownFileType = image.png; path = Image_9.001.png; sourceTree = "<group>"; };
		AF52596E28C09ADF00110173 /* Image_5_001.png */ = {isa = PBXFileReference; lastKnownFileType = image.png; path = Image_5_001.png; sourceTree = "<group>"; };
		AF52596F28C09ADF00110173 /* flowerSet.dae */ = {isa = PBXFileReference; fileEncoding = 4; lastKnownFileType = text.xml.dae; path = flowerSet.dae; sourceTree = "<group>"; };
		AF52597028C09ADF00110173 /* Image_8.001.png */ = {isa = PBXFileReference; lastKnownFileType = image.png; path = Image_8.001.png; sourceTree = "<group>"; };
		AF52598328C0A57A00110173 /* Image_5.002.jpg */ = {isa = PBXFileReference; lastKnownFileType = image.jpeg; path = Image_5.002.jpg; sourceTree = "<group>"; };
		AF52598428C0A57A00110173 /* flowerSet_baizhang.dae */ = {isa = PBXFileReference; fileEncoding = 4; lastKnownFileType = text.xml.dae; path = flowerSet_baizhang.dae; sourceTree = "<group>"; };
		AF52598528C0A57A00110173 /* Image_2.002.jpg */ = {isa = PBXFileReference; lastKnownFileType = image.jpeg; path = Image_2.002.jpg; sourceTree = "<group>"; };
		AF52598628C0A57A00110173 /* Image_1.002.jpg */ = {isa = PBXFileReference; lastKnownFileType = image.jpeg; path = Image_1.002.jpg; sourceTree = "<group>"; };
		AF52598B28C0A58800110173 /* flowerSet_yujinxiang.dae */ = {isa = PBXFileReference; fileEncoding = 4; lastKnownFileType = text.xml.dae; path = flowerSet_yujinxiang.dae; sourceTree = "<group>"; };
		AF52598E28C0AF0700110173 /* vaseSet.dae */ = {isa = PBXFileReference; fileEncoding = 4; lastKnownFileType = text.xml.dae; path = vaseSet.dae; sourceTree = "<group>"; };
		AF52598F28C0AF0700110173 /* Image_11.001.jpg */ = {isa = PBXFileReference; lastKnownFileType = image.jpeg; path = Image_11.001.jpg; sourceTree = "<group>"; };
		AF52599028C0AF0700110173 /* Vases_Base_Color.png.001.png */ = {isa = PBXFileReference; lastKnownFileType = image.png; path = Vases_Base_Color.png.001.png; sourceTree = "<group>"; };
		AF52599128C0AF0700110173 /* Image_3.002.jpg */ = {isa = PBXFileReference; lastKnownFileType = image.jpeg; path = Image_3.002.jpg; sourceTree = "<group>"; };
		AF52599228C0AF0700110173 /* Image_0.002.jpg */ = {isa = PBXFileReference; lastKnownFileType = image.jpeg; path = Image_0.002.jpg; sourceTree = "<group>"; };
		AF9F715328BFD46100143639 /* CreateScene.dae */ = {isa = PBXFileReference; fileEncoding = 4; lastKnownFileType = text.xml.dae; path = CreateScene.dae; sourceTree = "<group>"; };
		AFF8EF5928BD0DD400D9763C /* Image_14.png */ = {isa = PBXFileReference; lastKnownFileType = image.png; path = Image_14.png; sourceTree = "<group>"; };
		AFF8EF5A28BD0DD400D9763C /* Image_11.jpg */ = {isa = PBXFileReference; lastKnownFileType = image.jpeg; path = Image_11.jpg; sourceTree = "<group>"; };
		AFF8EF5C28BD0DD400D9763C /* Image_9.jpg */ = {isa = PBXFileReference; lastKnownFileType = image.jpeg; path = Image_9.jpg; sourceTree = "<group>"; };
		AFF8EF5D28BD0DD400D9763C /* Image_3.jpg */ = {isa = PBXFileReference; lastKnownFileType = image.jpeg; path = Image_3.jpg; sourceTree = "<group>"; };
		AFF8EF5E28BD0DD400D9763C /* Image_0.jpg */ = {isa = PBXFileReference; lastKnownFileType = image.jpeg; path = Image_0.jpg; sourceTree = "<group>"; };
		AFF8EF5F28BD0DD400D9763C /* Image_6.jpg */ = {isa = PBXFileReference; lastKnownFileType = image.jpeg; path = Image_6.jpg; sourceTree = "<group>"; };
		AFF8EF6028BD0DD400D9763C /* Image_20.png */ = {isa = PBXFileReference; lastKnownFileType = image.png; path = Image_20.png; sourceTree = "<group>"; };
		B17C29167943E1BB24790150 /* Pods-FlowerCode.debug.xcconfig */ = {isa = PBXFileReference; includeInIndex = 1; lastKnownFileType = text.xcconfig; name = "Pods-FlowerCode.debug.xcconfig"; path = "Target Support Files/Pods-FlowerCode/Pods-FlowerCode.debug.xcconfig"; sourceTree = "<group>"; };
/* End PBXFileReference section */

/* Begin PBXFrameworksBuildPhase section */
		AF35405028748A1100A39E33 /* Frameworks */ = {
			isa = PBXFrameworksBuildPhase;
			buildActionMask = 2147483647;
			files = (
				3AFCC46288D732B5A5D655CB /* Pods_FlowerCode.framework in Frameworks */,
			);
			runOnlyForDeploymentPostprocessing = 0;
		};
/* End PBXFrameworksBuildPhase section */

/* Begin PBXGroup section */
		25A4B6000129E509ABA733E1 /* Pods */ = {
			isa = PBXGroup;
			children = (
				B17C29167943E1BB24790150 /* Pods-FlowerCode.debug.xcconfig */,
				8B9D7364FDA3E5F77E85F275 /* Pods-FlowerCode.release.xcconfig */,
			);
			path = Pods;
			sourceTree = "<group>";
		};
		9F29DDE328AF35D300D7175C /* Resources */ = {
			isa = PBXGroup;
			children = (
				9FD5F56228B2135D00983E1C /* VaseDate.json */,
				9FD5F56028B1DD0200983E1C /* BasicWorksDate.json */,
				9F0E502328B0DD4400B87B11 /* FlowerDate.json */,
				9F0E502928B0E1CF00B87B11 /* PatternData.json */,
				9F76E40728B0C3EB006404E4 /* TipData.json */,
				9F29DDE928AF555C00D7175C /* InfoData.json */,
			);
			path = Resources;
			sourceTree = "<group>";
		};
		9F76E40228B0C16F006404E4 /* FlowerMaintenance */ = {
			isa = PBXGroup;
			children = (
				9F76E40328B0C198006404E4 /* TipItem.swift */,
				9F76E40928B0C5A6006404E4 /* TipRow.swift */,
				9F76E40D28B0CA08006404E4 /* TipDetail.swift */,
				9F76E40B28B0C7BC006404E4 /* FlowerMaintenance.swift */,
			);
			path = FlowerMaintenance;
			sourceTree = "<group>";
		};
		AC7FA438C81A320D38C7DEA4 /* Frameworks */ = {
			isa = PBXGroup;
			children = (
				21B0E44DF790EE887B8BAD1E /* Pods_FlowerCode.framework */,
			);
			name = Frameworks;
			sourceTree = "<group>";
		};
		AF35404A28748A1100A39E33 = {
			isa = PBXGroup;
			children = (
				AF35405528748A1100A39E33 /* FlowerCode */,
				AF35405428748A1100A39E33 /* Products */,
				25A4B6000129E509ABA733E1 /* Pods */,
				AC7FA438C81A320D38C7DEA4 /* Frameworks */,
			);
			sourceTree = "<group>";
		};
		AF35405428748A1100A39E33 /* Products */ = {
			isa = PBXGroup;
			children = (
				AF35405328748A1100A39E33 /* FlowerCode.app */,
			);
			name = Products;
			sourceTree = "<group>";
		};
		AF35405528748A1100A39E33 /* FlowerCode */ = {
			isa = PBXGroup;
			children = (
				AF35407128748AED00A39E33 /* Assets.xcassets */,
				AF35406D28748AED00A39E33 /* Experience.rcproject */,
				AF35406E28748AED00A39E33 /* Model */,
				AF35406B28748AED00A39E33 /* ViewModel */,
				AF35407228748AEE00A39E33 /* View */,
				AF35405628748A1100A39E33 /* FlowerCodeApp.swift */,
				AF3540F928748BF200A39E33 /* ContentView.swift */,
				AF3540FB28748C3A00A39E33 /* Persistence.swift */,
				AF35406128748A1200A39E33 /* FlowerCode.xcdatamodeld */,
				AF3540F628748BA500A39E33 /* Preview Content */,
			);
			path = FlowerCode;
			sourceTree = "<group>";
		};
		AF35406B28748AED00A39E33 /* ViewModel */ = {
			isa = PBXGroup;
			children = (
				AF35406C28748AED00A39E33 /* FCDocument.swift */,
			);
			path = ViewModel;
			sourceTree = "<group>";
		};
		AF35406E28748AED00A39E33 /* Model */ = {
			isa = PBXGroup;
			children = (
				9F29DDE328AF35D300D7175C /* Resources */,
				9F29DDDE28AEA7EC00D7175C /* Info.swift */,
				9F76E40528B0C2C3006404E4 /* Tip.swift */,
				9F0E502728B0E14C00B87B11 /* Pattern.swift */,
				9F0E502128B0DC0100B87B11 /* Flower.swift */,
				9FD5F55A28B1D9CA00983E1C /* Work.swift */,
				9F29DDEB28AF689500D7175C /* FCModel.swift */,
				9FD5F55E28B1DC3D00983E1C /* Vase.swift */,
			);
			path = Model;
			sourceTree = "<group>";
		};
		AF35407228748AEE00A39E33 /* View */ = {
			isa = PBXGroup;
			children = (
				AF35407328748AEE00A39E33 /* FlowerWorks */,
				AF35407C28748AEE00A39E33 /* FloralCreation */,
				AF3540A528748AEE00A39E33 /* CommunityDiscussion */,
				AF3540A928748AEE00A39E33 /* FlowerKnowledge */,
				AF3540B428748AEE00A39E33 /* MainView */,
				AF3540B828748AEE00A39E33 /* PersonalCenter */,
			);
			path = View;
			sourceTree = "<group>";
		};
		AF35407328748AEE00A39E33 /* FlowerWorks */ = {
			isa = PBXGroup;
			children = (
				AF35407A28748AEE00A39E33 /* WorkList.swift */,
				9FD5F56428B21A3700983E1C /* WorkItem.swift */,
				AF35407B28748AEE00A39E33 /* WorkDetailTabBar.swift */,
				9FE5DB5228B28134004AE5FB /* WorkDetail.swift */,
				9FE5DB5428B28B4D004AE5FB /* WorkIntro.swift */,
				9FE5DB5628B324B4004AE5FB /* WorkKey.swift */,
				9FE5DB5828B327EE004AE5FB /* WorkProcess.swift */,
				AF35407428748AEE00A39E33 /* FlowerWorksTabBar.swift */,
				AF35407528748AEE00A39E33 /* FloralWorks.swift */,
			);
			path = FlowerWorks;
			sourceTree = "<group>";
		};
		AF35407C28748AEE00A39E33 /* FloralCreation */ = {
			isa = PBXGroup;
			children = (
				AF35407D28748AEE00A39E33 /* ArrangeView */,
				AF35409528748AEE00A39E33 /* ArrangeView.swift */,
				AF35409628748AEE00A39E33 /* FlowerCreation.swift */,
				AF35409728748AEE00A39E33 /* ARView.swift */,
				AF35409828748AEE00A39E33 /* FlowerIdentification */,
			);
			path = FloralCreation;
			sourceTree = "<group>";
		};
		AF35407D28748AEE00A39E33 /* ArrangeView */ = {
			isa = PBXGroup;
			children = (
				AF52595A28C06E9700110173 /* flowerSet_meigui */,
				AF52598228C0A57A00110173 /* flowerSet_baizhang */,
				AF52598B28C0A58800110173 /* flowerSet_yujinxiang.dae */,
				AF52595F28C09ADF00110173 /* flowerSet */,
				AF52598D28C0AF0700110173 /* vaseSet */,
				AF52595928C06E7B00110173 /* Useless */,
				AFF8EF5828BD0DD400D9763C /* CreateScene */,
			);
			path = ArrangeView;
			sourceTree = "<group>";
		};
		AF35407E28748AEE00A39E33 /* Scene */ = {
			isa = PBXGroup;
			children = (
				AF35407F28748AEE00A39E33 /* alta-essencial-wood-padrao-carvalho-taupo.png */,
				AF35408028748AEE00A39E33 /* background.jpg */,
				AF35408128748AEE00A39E33 /* Texture.tga */,
				AF35408228748AEE00A39E33 /* scene.dae */,
			);
			path = Scene;
			sourceTree = "<group>";
		};
		AF35409828748AEE00A39E33 /* FlowerIdentification */ = {
			isa = PBXGroup;
			children = (
				AF35409928748AEE00A39E33 /* Camera */,
				AF35409F28748AEE00A39E33 /* ImagePicker.swift */,
				AF3540A028748AEE00A39E33 /* Flower5.mlmodel */,
				AF3540A128748AEE00A39E33 /* FlowerIdentificationView.swift */,
				AF3540A228748AEE00A39E33 /* MyImageView.swift */,
				AF3540A328748AEE00A39E33 /* CameraInterfaceView.swift */,
				AF3540A428748AEE00A39E33 /* MLResultView.swift */,
			);
			path = FlowerIdentification;
			sourceTree = "<group>";
		};
		AF35409928748AEE00A39E33 /* Camera */ = {
			isa = PBXGroup;
			children = (
				AF35409A28748AEE00A39E33 /* UserEvents.swift */,
				AF35409B28748AEE00A39E33 /* CameraActions.swift */,
				AF35409C28748AEE00A39E33 /* CameraViewController.swift */,
				AF35409D28748AEE00A39E33 /* CameraViewControllerDelegate.swift */,
				AF35409E28748AEE00A39E33 /* CameraView.swift */,
			);
			path = Camera;
			sourceTree = "<group>";
		};
		AF3540A528748AEE00A39E33 /* CommunityDiscussion */ = {
			isa = PBXGroup;
			children = (
				AF3540A628748AEE00A39E33 /* CommunityDiscovery.swift */,
				AF3540A728748AEE00A39E33 /* CommunityDiscussion.swift */,
				AF3540A828748AEE00A39E33 /* CommunityDiscussionTabBar.swift */,
			);
			path = CommunityDiscussion;
			sourceTree = "<group>";
		};
		AF3540A928748AEE00A39E33 /* FlowerKnowledge */ = {
			isa = PBXGroup;
			children = (
				9F76E40228B0C16F006404E4 /* FlowerMaintenance */,
				AF3540AB28748AEE00A39E33 /* FlowerMap */,
				AF3540B228748AEE00A39E33 /* TrimAndSculpt */,
				AF3540B328748AEE00A39E33 /* FlowerKnowledge.swift */,
			);
			path = FlowerKnowledge;
			sourceTree = "<group>";
		};
		AF3540AB28748AEE00A39E33 /* FlowerMap */ = {
			isa = PBXGroup;
			children = (
				AF3540B028748AEE00A39E33 /* FlowerMapTabBar.swift */,
				AF3540B128748AEE00A39E33 /* FlowerMap.swift */,
				9F0E502528B0DEF200B87B11 /* FlowerItem.swift */,
				9F0E502B28B0EF2D00B87B11 /* FlowerList.swift */,
				9F0E502F28B10DF800B87B11 /* FlowerDetail.swift */,
			);
			path = FlowerMap;
			sourceTree = "<group>";
		};
		AF3540B228748AEE00A39E33 /* TrimAndSculpt */ = {
			isa = PBXGroup;
			children = (
				9F29DDD428AE904700D7175C /* TrimAndSculptTabBar.swift */,
				9F29DDDC28AEA7B900D7175C /* InfoRow.swift */,
				9F29DDE028AF33EC00D7175C /* InfoList.swift */,
				9F2CA40028AF7F29007BCFE8 /* InfoDetail.swift */,
				9F29DDD628AE913200D7175C /* TrimAndSculpt.swift */,
			);
			path = TrimAndSculpt;
			sourceTree = "<group>";
		};
		AF3540B428748AEE00A39E33 /* MainView */ = {
			isa = PBXGroup;
			children = (
				AF3540B528748AEE00A39E33 /* LoginView.swift */,
				AF3540B628748AEE00A39E33 /* MainViewTabBar.swift */,
				AF3540B728748AEE00A39E33 /* MainView.swift */,
			);
			path = MainView;
			sourceTree = "<group>";
		};
		AF3540B828748AEE00A39E33 /* PersonalCenter */ = {
			isa = PBXGroup;
			children = (
				AF3540B928748AEE00A39E33 /* PersonalCenter.swift */,
			);
			path = PersonalCenter;
			sourceTree = "<group>";
		};
		AF3540F628748BA500A39E33 /* Preview Content */ = {
			isa = PBXGroup;
			children = (
				AF3540F728748BA500A39E33 /* Preview Assets.xcassets */,
			);
			path = "Preview Content";
			sourceTree = "<group>";
		};
		AF3540FD287490C500A39E33 /* huatong */ = {
			isa = PBXGroup;
			children = (
				AF3540FE287490E300A39E33 /* huatong.dae */,
			);
			path = huatong;
			sourceTree = "<group>";
		};
		AF3541012874916100A39E33 /* bottle */ = {
			isa = PBXGroup;
			children = (
				AF3541022874916100A39E33 /* Concrete01 [softsaaz.ir].jpg */,
				AF3541032874916100A39E33 /* huaping.dae */,
			);
			path = bottle;
			sourceTree = "<group>";
		};
		AF52595928C06E7B00110173 /* Useless */ = {
			isa = PBXGroup;
			children = (
				AF35407E28748AEE00A39E33 /* Scene */,
				AF3540FD287490C500A39E33 /* huatong */,
				AF3541012874916100A39E33 /* bottle */,
			);
			path = Useless;
			sourceTree = "<group>";
		};
		AF52595A28C06E9700110173 /* flowerSet_meigui */ = {
			isa = PBXGroup;
			children = (
				AF52595B28C06E9700110173 /* flowerSet_meigui.dae */,
				AF52595C28C06E9700110173 /* Image_6.003.jpg */,
			);
			path = flowerSet_meigui;
			sourceTree = "<group>";
		};
		AF52595F28C09ADF00110173 /* flowerSet */ = {
			isa = PBXGroup;
			children = (
				AF52596028C09ADF00110173 /* Image_10.001.png */,
				AF52596128C09ADF00110173 /* Image_4.001.png */,
				AF52596228C09ADF00110173 /* Image_5.001.png */,
				AF52596328C09ADF00110173 /* Image_7.001.png */,
				AF52596428C09ADF00110173 /* Image0001.png */,
				AF52596528C09ADF00110173 /* Image21.png */,
				AF52596628C09ADF00110173 /* Image20.png */,
				AF52596728C09ADF00110173 /* Image_7_001.png */,
				AF52596828C09ADF00110173 /* Image_3.001.png */,
				AF52596928C09ADF00110173 /* Image 1 001.png */,
				AF52596A28C09ADF00110173 /* Image_4.png */,
				AF52596B28C09ADF00110173 /* Image_2.001.png */,
				AF52596C28C09ADF00110173 /* Image_201.png */,
				AF52596D28C09ADF00110173 /* Image_9.001.png */,
				AF52596E28C09ADF00110173 /* Image_5_001.png */,
				AF52596F28C09ADF00110173 /* flowerSet.dae */,
				AF52597028C09ADF00110173 /* Image_8.001.png */,
			);
			path = flowerSet;
			sourceTree = "<group>";
		};
		AF52598228C0A57A00110173 /* flowerSet_baizhang */ = {
			isa = PBXGroup;
			children = (
				AF52598328C0A57A00110173 /* Image_5.002.jpg */,
				AF52598428C0A57A00110173 /* flowerSet_baizhang.dae */,
				AF52598528C0A57A00110173 /* Image_2.002.jpg */,
				AF52598628C0A57A00110173 /* Image_1.002.jpg */,
			);
			path = flowerSet_baizhang;
			sourceTree = "<group>";
		};
		AF52598D28C0AF0700110173 /* vaseSet */ = {
			isa = PBXGroup;
			children = (
				AF52598E28C0AF0700110173 /* vaseSet.dae */,
				AF52598F28C0AF0700110173 /* Image_11.001.jpg */,
				AF52599028C0AF0700110173 /* Vases_Base_Color.png.001.png */,
				AF52599128C0AF0700110173 /* Image_3.002.jpg */,
				AF52599228C0AF0700110173 /* Image_0.002.jpg */,
			);
			path = vaseSet;
			sourceTree = "<group>";
		};
		AFF8EF5828BD0DD400D9763C /* CreateScene */ = {
			isa = PBXGroup;
			children = (
				AFF8EF5928BD0DD400D9763C /* Image_14.png */,
				AF9F715328BFD46100143639 /* CreateScene.dae */,
				AFF8EF5A28BD0DD400D9763C /* Image_11.jpg */,
				AFF8EF5C28BD0DD400D9763C /* Image_9.jpg */,
				AFF8EF5D28BD0DD400D9763C /* Image_3.jpg */,
				AFF8EF5E28BD0DD400D9763C /* Image_0.jpg */,
				AFF8EF5F28BD0DD400D9763C /* Image_6.jpg */,
				AFF8EF6028BD0DD400D9763C /* Image_20.png */,
			);
			path = CreateScene;
			sourceTree = "<group>";
		};
/* End PBXGroup section */

/* Begin PBXNativeTarget section */
		AF35405228748A1100A39E33 /* FlowerCode */ = {
			isa = PBXNativeTarget;
			buildConfigurationList = AF35406628748A1200A39E33 /* Build configuration list for PBXNativeTarget "FlowerCode" */;
			buildPhases = (
				23029F32707B9ABF62A9162A /* [CP] Check Pods Manifest.lock */,
				AF35404F28748A1100A39E33 /* Sources */,
				AF35405028748A1100A39E33 /* Frameworks */,
				AF35405128748A1100A39E33 /* Resources */,
				836041AED2774B4B1E3B1CCF /* [CP] Embed Pods Frameworks */,
			);
			buildRules = (
			);
			dependencies = (
			);
			name = FlowerCode;
			productName = FlowerCode;
			productReference = AF35405328748A1100A39E33 /* FlowerCode.app */;
			productType = "com.apple.product-type.application";
		};
/* End PBXNativeTarget section */

/* Begin PBXProject section */
		AF35404B28748A1100A39E33 /* Project object */ = {
			isa = PBXProject;
			attributes = {
				BuildIndependentTargetsInParallel = 1;
				LastSwiftUpdateCheck = 1340;
				LastUpgradeCheck = 1340;
				TargetAttributes = {
					AF35405228748A1100A39E33 = {
						CreatedOnToolsVersion = 13.4.1;
					};
				};
			};
			buildConfigurationList = AF35404E28748A1100A39E33 /* Build configuration list for PBXProject "FlowerCode" */;
			compatibilityVersion = "Xcode 13.0";
			developmentRegion = en;
			hasScannedForEncodings = 0;
			knownRegions = (
				en,
				Base,
			);
			mainGroup = AF35404A28748A1100A39E33;
			productRefGroup = AF35405428748A1100A39E33 /* Products */;
			projectDirPath = "";
			projectRoot = "";
			targets = (
				AF35405228748A1100A39E33 /* FlowerCode */,
			);
		};
/* End PBXProject section */

/* Begin PBXResourcesBuildPhase section */
		AF35405128748A1100A39E33 /* Resources */ = {
			isa = PBXResourcesBuildPhase;
			buildActionMask = 2147483647;
			files = (
				AF3540FF287490E300A39E33 /* huatong.dae in Resources */,
				AF3540F828748BA500A39E33 /* Preview Assets.xcassets in Resources */,
				AF9F715428BFD46100143639 /* CreateScene.dae in Resources */,
				AF52597A28C09ADF00110173 /* Image 1 001.png in Resources */,
				AF52598828C0A57A00110173 /* flowerSet_baizhang.dae in Resources */,
				AF52599528C0AF0700110173 /* Vases_Base_Color.png.001.png in Resources */,
				AF52597728C09ADF00110173 /* Image20.png in Resources */,
				AF52599428C0AF0700110173 /* Image_11.001.jpg in Resources */,
				AF52598928C0A57A00110173 /* Image_2.002.jpg in Resources */,
				AF52597C28C09ADF00110173 /* Image_2.001.png in Resources */,
				AFF8EF6828BD0DD400D9763C /* Image_20.png in Resources */,
				AF52598728C0A57A00110173 /* Image_5.002.jpg in Resources */,
				AF52599728C0AF0700110173 /* Image_0.002.jpg in Resources */,
				AF3540C928748AEE00A39E33 /* Texture.tga in Resources */,
				AF52597128C09ADF00110173 /* Image_10.001.png in Resources */,
				9F29DDEA28AF555C00D7175C /* InfoData.json in Resources */,
				AF52597E28C09ADF00110173 /* Image_9.001.png in Resources */,
				9F0E502428B0DD4400B87B11 /* FlowerDate.json in Resources */,
				AF52598C28C0A58800110173 /* flowerSet_yujinxiang.dae in Resources */,
				AF3540BF28748AEE00A39E33 /* Assets.xcassets in Resources */,
				AF52595E28C06E9700110173 /* Image_6.003.jpg in Resources */,
				AF52597528C09ADF00110173 /* Image0001.png in Resources */,
				AF52597228C09ADF00110173 /* Image_4.001.png in Resources */,
				9FD5F56128B1DD0200983E1C /* BasicWorksDate.json in Resources */,
				AFF8EF6228BD0DD400D9763C /* Image_11.jpg in Resources */,
				AF52597B28C09ADF00110173 /* Image_4.png in Resources */,
				9F0E502A28B0E1CF00B87B11 /* PatternData.json in Resources */,
				9F76E40828B0C3EB006404E4 /* TipData.json in Resources */,
				AFF8EF6128BD0DD400D9763C /* Image_14.png in Resources */,
				AF52597628C09ADF00110173 /* Image21.png in Resources */,
				AF3541042874916100A39E33 /* Concrete01 [softsaaz.ir].jpg in Resources */,
				AFF8EF6628BD0DD400D9763C /* Image_0.jpg in Resources */,
				AFF8EF6528BD0DD400D9763C /* Image_3.jpg in Resources */,
				AF52597928C09ADF00110173 /* Image_3.001.png in Resources */,
				AF52597428C09ADF00110173 /* Image_7.001.png in Resources */,
				AF3541052874916100A39E33 /* huaping.dae in Resources */,
				AF52597328C09ADF00110173 /* Image_5.001.png in Resources */,
				AF52598A28C0A57A00110173 /* Image_1.002.jpg in Resources */,
				9FD5F56328B2135D00983E1C /* VaseDate.json in Resources */,
				AF3540C728748AEE00A39E33 /* alta-essencial-wood-padrao-carvalho-taupo.png in Resources */,
				AF52598028C09ADF00110173 /* flowerSet.dae in Resources */,
				AF52597828C09ADF00110173 /* Image_7_001.png in Resources */,
				AF52597F28C09ADF00110173 /* Image_5_001.png in Resources */,
				AFF8EF6728BD0DD400D9763C /* Image_6.jpg in Resources */,
				AF52597D28C09ADF00110173 /* Image_201.png in Resources */,
				AF3540C828748AEE00A39E33 /* background.jpg in Resources */,
				AF52595D28C06E9700110173 /* flowerSet_meigui.dae in Resources */,
				AFF8EF6428BD0DD400D9763C /* Image_9.jpg in Resources */,
				AF3540CA28748AEE00A39E33 /* scene.dae in Resources */,
				AF52599328C0AF0700110173 /* vaseSet.dae in Resources */,
				AF52598128C09ADF00110173 /* Image_8.001.png in Resources */,
				AF52599628C0AF0700110173 /* Image_3.002.jpg in Resources */,
			);
			runOnlyForDeploymentPostprocessing = 0;
		};
/* End PBXResourcesBuildPhase section */

/* Begin PBXShellScriptBuildPhase section */
		23029F32707B9ABF62A9162A /* [CP] Check Pods Manifest.lock */ = {
			isa = PBXShellScriptBuildPhase;
			buildActionMask = 2147483647;
			files = (
			);
			inputFileListPaths = (
			);
			inputPaths = (
				"${PODS_PODFILE_DIR_PATH}/Podfile.lock",
				"${PODS_ROOT}/Manifest.lock",
			);
			name = "[CP] Check Pods Manifest.lock";
			outputFileListPaths = (
			);
			outputPaths = (
				"$(DERIVED_FILE_DIR)/Pods-FlowerCode-checkManifestLockResult.txt",
			);
			runOnlyForDeploymentPostprocessing = 0;
			shellPath = /bin/sh;
			shellScript = "diff \"${PODS_PODFILE_DIR_PATH}/Podfile.lock\" \"${PODS_ROOT}/Manifest.lock\" > /dev/null\nif [ $? != 0 ] ; then\n    # print error to STDERR\n    echo \"error: The sandbox is not in sync with the Podfile.lock. Run 'pod install' or update your CocoaPods installation.\" >&2\n    exit 1\nfi\n# This output is used by Xcode 'outputs' to avoid re-running this script phase.\necho \"SUCCESS\" > \"${SCRIPT_OUTPUT_FILE_0}\"\n";
			showEnvVarsInLog = 0;
		};
		836041AED2774B4B1E3B1CCF /* [CP] Embed Pods Frameworks */ = {
			isa = PBXShellScriptBuildPhase;
			buildActionMask = 2147483647;
			files = (
			);
			inputFileListPaths = (
				"${PODS_ROOT}/Target Support Files/Pods-FlowerCode/Pods-FlowerCode-frameworks-${CONFIGURATION}-input-files.xcfilelist",
			);
			name = "[CP] Embed Pods Frameworks";
			outputFileListPaths = (
				"${PODS_ROOT}/Target Support Files/Pods-FlowerCode/Pods-FlowerCode-frameworks-${CONFIGURATION}-output-files.xcfilelist",
			);
			runOnlyForDeploymentPostprocessing = 0;
			shellPath = /bin/sh;
			shellScript = "\"${PODS_ROOT}/Target Support Files/Pods-FlowerCode/Pods-FlowerCode-frameworks.sh\"\n";
			showEnvVarsInLog = 0;
		};
/* End PBXShellScriptBuildPhase section */

/* Begin PBXSourcesBuildPhase section */
		AF35404F28748A1100A39E33 /* Sources */ = {
			isa = PBXSourcesBuildPhase;
			buildActionMask = 2147483647;
			files = (
				AF3540F128748AEE00A39E33 /* FlowerKnowledge.swift in Sources */,
				9F29DDE128AF33EC00D7175C /* InfoList.swift in Sources */,
				AF3540F328748AEE00A39E33 /* MainViewTabBar.swift in Sources */,
				9F29DDD528AE904700D7175C /* TrimAndSculptTabBar.swift in Sources */,
				AF3540BB28748AEE00A39E33 /* FCDocument.swift in Sources */,
				9F2CA40128AF7F29007BCFE8 /* InfoDetail.swift in Sources */,
				AF3540EA28748AEE00A39E33 /* CommunityDiscussionTabBar.swift in Sources */,
				9F0E503028B10DF800B87B11 /* FlowerDetail.swift in Sources */,
				9F76E40E28B0CA08006404E4 /* TipDetail.swift in Sources */,
				9FE5DB5928B327EE004AE5FB /* WorkProcess.swift in Sources */,
				AF3540C128748AEE00A39E33 /* FloralWorks.swift in Sources */,
				9FD5F55F28B1DC3D00983E1C /* Vase.swift in Sources */,
				AF3540E228748AEE00A39E33 /* ImagePicker.swift in Sources */,
				AF3540BC28748AEE00A39E33 /* Experience.rcproject in Sources */,
				AF3540FC28748C3A00A39E33 /* Persistence.swift in Sources */,
				9F0E502228B0DC0100B87B11 /* Flower.swift in Sources */,
				9F0E502628B0DEF200B87B11 /* FlowerItem.swift in Sources */,
				AF3540EF28748AEE00A39E33 /* FlowerMapTabBar.swift in Sources */,
				9F29DDDD28AEA7B900D7175C /* InfoRow.swift in Sources */,
				AF3540DA28748AEE00A39E33 /* ArrangeView.swift in Sources */,
				9F76E40A28B0C5A6006404E4 /* TipRow.swift in Sources */,
				AF3540F528748AEE00A39E33 /* PersonalCenter.swift in Sources */,
				AF3540C028748AEE00A39E33 /* FlowerWorksTabBar.swift in Sources */,
				AF3540E528748AEE00A39E33 /* MyImageView.swift in Sources */,
				AF3540DE28748AEE00A39E33 /* CameraActions.swift in Sources */,
				9FE5DB5728B324B4004AE5FB /* WorkKey.swift in Sources */,
				9F0E502828B0E14C00B87B11 /* Pattern.swift in Sources */,
				9F76E40428B0C198006404E4 /* TipItem.swift in Sources */,
				AF35406328748A1200A39E33 /* FlowerCode.xcdatamodeld in Sources */,
				AF3540E728748AEE00A39E33 /* MLResultView.swift in Sources */,
				AF35405728748A1100A39E33 /* FlowerCodeApp.swift in Sources */,
				9F76E40C28B0C7BC006404E4 /* FlowerMaintenance.swift in Sources */,
				9FD5F56528B21A3700983E1C /* WorkItem.swift in Sources */,
				AF3540E828748AEE00A39E33 /* CommunityDiscovery.swift in Sources */,
				AF3540DF28748AEE00A39E33 /* CameraViewController.swift in Sources */,
				AF3540DC28748AEE00A39E33 /* ARView.swift in Sources */,
				AF3540DB28748AEE00A39E33 /* FlowerCreation.swift in Sources */,
				9F29DDEC28AF689500D7175C /* FCModel.swift in Sources */,
				AF3540C628748AEE00A39E33 /* WorkDetailTabBar.swift in Sources */,
				AF3540E128748AEE00A39E33 /* CameraView.swift in Sources */,
				9F29DDDF28AEA7EC00D7175C /* Info.swift in Sources */,
				9FE5DB5328B28134004AE5FB /* WorkDetail.swift in Sources */,
				AF3540C528748AEE00A39E33 /* WorkList.swift in Sources */,
				AF3540E328748AEE00A39E33 /* Flower5.mlmodel in Sources */,
				9FE5DB5528B28B4D004AE5FB /* WorkIntro.swift in Sources */,
				AF3540E428748AEE00A39E33 /* FlowerIdentificationView.swift in Sources */,
				9F0E502C28B0EF2D00B87B11 /* FlowerList.swift in Sources */,
				AF3540E028748AEE00A39E33 /* CameraViewControllerDelegate.swift in Sources */,
				9F29DDD728AE913200D7175C /* TrimAndSculpt.swift in Sources */,
				9FD5F55B28B1D9CA00983E1C /* Work.swift in Sources */,
				AF3540F028748AEE00A39E33 /* FlowerMap.swift in Sources */,
				AF3540F428748AEE00A39E33 /* MainView.swift in Sources */,
				AF3540E928748AEE00A39E33 /* CommunityDiscussion.swift in Sources */,
				AF3540FA28748BF200A39E33 /* ContentView.swift in Sources */,
				AF3540E628748AEE00A39E33 /* CameraInterfaceView.swift in Sources */,
				9F76E40628B0C2C3006404E4 /* Tip.swift in Sources */,
				AF3540F228748AEE00A39E33 /* LoginView.swift in Sources */,
				AF3540DD28748AEE00A39E33 /* UserEvents.swift in Sources */,
			);
			runOnlyForDeploymentPostprocessing = 0;
		};
/* End PBXSourcesBuildPhase section */

/* Begin XCBuildConfiguration section */
		AF35406428748A1200A39E33 /* Debug */ = {
			isa = XCBuildConfiguration;
			buildSettings = {
				ALWAYS_SEARCH_USER_PATHS = NO;
				CLANG_ANALYZER_NONNULL = YES;
				CLANG_ANALYZER_NUMBER_OBJECT_CONVERSION = YES_AGGRESSIVE;
				CLANG_CXX_LANGUAGE_STANDARD = "gnu++17";
				CLANG_ENABLE_MODULES = YES;
				CLANG_ENABLE_OBJC_ARC = YES;
				CLANG_ENABLE_OBJC_WEAK = YES;
				CLANG_WARN_BLOCK_CAPTURE_AUTORELEASING = YES;
				CLANG_WARN_BOOL_CONVERSION = YES;
				CLANG_WARN_COMMA = YES;
				CLANG_WARN_CONSTANT_CONVERSION = YES;
				CLANG_WARN_DEPRECATED_OBJC_IMPLEMENTATIONS = YES;
				CLANG_WARN_DIRECT_OBJC_ISA_USAGE = YES_ERROR;
				CLANG_WARN_DOCUMENTATION_COMMENTS = YES;
				CLANG_WARN_EMPTY_BODY = YES;
				CLANG_WARN_ENUM_CONVERSION = YES;
				CLANG_WARN_INFINITE_RECURSION = YES;
				CLANG_WARN_INT_CONVERSION = YES;
				CLANG_WARN_NON_LITERAL_NULL_CONVERSION = YES;
				CLANG_WARN_OBJC_IMPLICIT_RETAIN_SELF = YES;
				CLANG_WARN_OBJC_LITERAL_CONVERSION = YES;
				CLANG_WARN_OBJC_ROOT_CLASS = YES_ERROR;
				CLANG_WARN_QUOTED_INCLUDE_IN_FRAMEWORK_HEADER = YES;
				CLANG_WARN_RANGE_LOOP_ANALYSIS = YES;
				CLANG_WARN_STRICT_PROTOTYPES = YES;
				CLANG_WARN_SUSPICIOUS_MOVE = YES;
				CLANG_WARN_UNGUARDED_AVAILABILITY = YES_AGGRESSIVE;
				CLANG_WARN_UNREACHABLE_CODE = YES;
				CLANG_WARN__DUPLICATE_METHOD_MATCH = YES;
				COPY_PHASE_STRIP = NO;
				DEBUG_INFORMATION_FORMAT = dwarf;
				ENABLE_STRICT_OBJC_MSGSEND = YES;
				ENABLE_TESTABILITY = YES;
				GCC_C_LANGUAGE_STANDARD = gnu11;
				GCC_DYNAMIC_NO_PIC = NO;
				GCC_NO_COMMON_BLOCKS = YES;
				GCC_OPTIMIZATION_LEVEL = 0;
				GCC_PREPROCESSOR_DEFINITIONS = (
					"DEBUG=1",
					"$(inherited)",
				);
				GCC_WARN_64_TO_32_BIT_CONVERSION = YES;
				GCC_WARN_ABOUT_RETURN_TYPE = YES_ERROR;
				GCC_WARN_UNDECLARED_SELECTOR = YES;
				GCC_WARN_UNINITIALIZED_AUTOS = YES_AGGRESSIVE;
				GCC_WARN_UNUSED_FUNCTION = YES;
				GCC_WARN_UNUSED_VARIABLE = YES;
				GENERATE_INFOPLIST_FILE = YES;
				IPHONEOS_DEPLOYMENT_TARGET = 15.5;
				MTL_ENABLE_DEBUG_INFO = INCLUDE_SOURCE;
				MTL_FAST_MATH = YES;
				ONLY_ACTIVE_ARCH = YES;
				SDKROOT = iphoneos;
				SWIFT_ACTIVE_COMPILATION_CONDITIONS = DEBUG;
				SWIFT_OPTIMIZATION_LEVEL = "-Onone";
			};
			name = Debug;
		};
		AF35406528748A1200A39E33 /* Release */ = {
			isa = XCBuildConfiguration;
			buildSettings = {
				ALWAYS_SEARCH_USER_PATHS = NO;
				CLANG_ANALYZER_NONNULL = YES;
				CLANG_ANALYZER_NUMBER_OBJECT_CONVERSION = YES_AGGRESSIVE;
				CLANG_CXX_LANGUAGE_STANDARD = "gnu++17";
				CLANG_ENABLE_MODULES = YES;
				CLANG_ENABLE_OBJC_ARC = YES;
				CLANG_ENABLE_OBJC_WEAK = YES;
				CLANG_WARN_BLOCK_CAPTURE_AUTORELEASING = YES;
				CLANG_WARN_BOOL_CONVERSION = YES;
				CLANG_WARN_COMMA = YES;
				CLANG_WARN_CONSTANT_CONVERSION = YES;
				CLANG_WARN_DEPRECATED_OBJC_IMPLEMENTATIONS = YES;
				CLANG_WARN_DIRECT_OBJC_ISA_USAGE = YES_ERROR;
				CLANG_WARN_DOCUMENTATION_COMMENTS = YES;
				CLANG_WARN_EMPTY_BODY = YES;
				CLANG_WARN_ENUM_CONVERSION = YES;
				CLANG_WARN_INFINITE_RECURSION = YES;
				CLANG_WARN_INT_CONVERSION = YES;
				CLANG_WARN_NON_LITERAL_NULL_CONVERSION = YES;
				CLANG_WARN_OBJC_IMPLICIT_RETAIN_SELF = YES;
				CLANG_WARN_OBJC_LITERAL_CONVERSION = YES;
				CLANG_WARN_OBJC_ROOT_CLASS = YES_ERROR;
				CLANG_WARN_QUOTED_INCLUDE_IN_FRAMEWORK_HEADER = YES;
				CLANG_WARN_RANGE_LOOP_ANALYSIS = YES;
				CLANG_WARN_STRICT_PROTOTYPES = YES;
				CLANG_WARN_SUSPICIOUS_MOVE = YES;
				CLANG_WARN_UNGUARDED_AVAILABILITY = YES_AGGRESSIVE;
				CLANG_WARN_UNREACHABLE_CODE = YES;
				CLANG_WARN__DUPLICATE_METHOD_MATCH = YES;
				COPY_PHASE_STRIP = NO;
				DEBUG_INFORMATION_FORMAT = "dwarf-with-dsym";
				ENABLE_NS_ASSERTIONS = NO;
				ENABLE_STRICT_OBJC_MSGSEND = YES;
				GCC_C_LANGUAGE_STANDARD = gnu11;
				GCC_NO_COMMON_BLOCKS = YES;
				GCC_WARN_64_TO_32_BIT_CONVERSION = YES;
				GCC_WARN_ABOUT_RETURN_TYPE = YES_ERROR;
				GCC_WARN_UNDECLARED_SELECTOR = YES;
				GCC_WARN_UNINITIALIZED_AUTOS = YES_AGGRESSIVE;
				GCC_WARN_UNUSED_FUNCTION = YES;
				GCC_WARN_UNUSED_VARIABLE = YES;
				GENERATE_INFOPLIST_FILE = YES;
				IPHONEOS_DEPLOYMENT_TARGET = 15.5;
				MTL_ENABLE_DEBUG_INFO = NO;
				MTL_FAST_MATH = YES;
				SDKROOT = iphoneos;
				SWIFT_COMPILATION_MODE = wholemodule;
				SWIFT_OPTIMIZATION_LEVEL = "-O";
				VALIDATE_PRODUCT = YES;
			};
			name = Release;
		};
		AF35406728748A1200A39E33 /* Debug */ = {
			isa = XCBuildConfiguration;
			baseConfigurationReference = B17C29167943E1BB24790150 /* Pods-FlowerCode.debug.xcconfig */;
			buildSettings = {
				ASSETCATALOG_COMPILER_APPICON_NAME = AppIcon;
				ASSETCATALOG_COMPILER_GLOBAL_ACCENT_COLOR_NAME = AccentColor;
				CODE_SIGN_STYLE = Automatic;
				CURRENT_PROJECT_VERSION = 1;
				DEVELOPMENT_ASSET_PATHS = "\"FlowerCode/Preview Content\"";
				DEVELOPMENT_TEAM = TXH6MFC7F9;
				ENABLE_PREVIEWS = YES;
				GENERATE_INFOPLIST_FILE = YES;
				INFOPLIST_KEY_NSCameraUsageDescription = "花间小作想使用你的摄像头";
				INFOPLIST_KEY_NSMicrophoneUsageDescription = "花间小作想使用你的麦克风";
				INFOPLIST_KEY_NSPhotoLibraryUsageDescription = "花间小作想访问你的相册";
				INFOPLIST_KEY_UIApplicationSceneManifest_Generation = YES;
				INFOPLIST_KEY_UIApplicationSupportsIndirectInputEvents = YES;
				INFOPLIST_KEY_UILaunchScreen_Generation = YES;
				INFOPLIST_KEY_UISupportedInterfaceOrientations = UIInterfaceOrientationPortrait;
				INFOPLIST_KEY_UISupportedInterfaceOrientations_iPad = "UIInterfaceOrientationPortrait UIInterfaceOrientationPortraitUpsideDown UIInterfaceOrientationLandscapeLeft UIInterfaceOrientationLandscapeRight";
				INFOPLIST_KEY_UISupportedInterfaceOrientations_iPhone = "UIInterfaceOrientationPortrait UIInterfaceOrientationLandscapeLeft UIInterfaceOrientationLandscapeRight";
				IPHONEOS_DEPLOYMENT_TARGET = 15.1;
				LD_RUNPATH_SEARCH_PATHS = (
					"$(inherited)",
					"@executable_path/Frameworks",
				);
				MARKETING_VERSION = 1.0;
				PRODUCT_BUNDLE_IDENTIFIER = tongji.edu.cn.FlowerCode;
				PRODUCT_NAME = FlowerCode;
				SWIFT_EMIT_LOC_STRINGS = YES;
				SWIFT_VERSION = 5.0;
				TARGETED_DEVICE_FAMILY = "1,2";
			};
			name = Debug;
		};
		AF35406828748A1200A39E33 /* Release */ = {
			isa = XCBuildConfiguration;
			baseConfigurationReference = 8B9D7364FDA3E5F77E85F275 /* Pods-FlowerCode.release.xcconfig */;
			buildSettings = {
				ASSETCATALOG_COMPILER_APPICON_NAME = AppIcon;
				ASSETCATALOG_COMPILER_GLOBAL_ACCENT_COLOR_NAME = AccentColor;
				CODE_SIGN_STYLE = Automatic;
				CURRENT_PROJECT_VERSION = 1;
				DEVELOPMENT_ASSET_PATHS = "\"FlowerCode/Preview Content\"";
				DEVELOPMENT_TEAM = TXH6MFC7F9;
				ENABLE_PREVIEWS = YES;
				GENERATE_INFOPLIST_FILE = YES;
				INFOPLIST_KEY_NSCameraUsageDescription = "花间小作想使用你的摄像头";
				INFOPLIST_KEY_NSMicrophoneUsageDescription = "花间小作想使用你的麦克风";
				INFOPLIST_KEY_NSPhotoLibraryUsageDescription = "花间小作想访问你的相册";
				INFOPLIST_KEY_UIApplicationSceneManifest_Generation = YES;
				INFOPLIST_KEY_UIApplicationSupportsIndirectInputEvents = YES;
				INFOPLIST_KEY_UILaunchScreen_Generation = YES;
				INFOPLIST_KEY_UISupportedInterfaceOrientations = UIInterfaceOrientationPortrait;
				INFOPLIST_KEY_UISupportedInterfaceOrientations_iPad = "UIInterfaceOrientationPortrait UIInterfaceOrientationPortraitUpsideDown UIInterfaceOrientationLandscapeLeft UIInterfaceOrientationLandscapeRight";
				INFOPLIST_KEY_UISupportedInterfaceOrientations_iPhone = "UIInterfaceOrientationPortrait UIInterfaceOrientationLandscapeLeft UIInterfaceOrientationLandscapeRight";
				IPHONEOS_DEPLOYMENT_TARGET = 15.1;
				LD_RUNPATH_SEARCH_PATHS = (
					"$(inherited)",
					"@executable_path/Frameworks",
				);
				MARKETING_VERSION = 1.0;
				PRODUCT_BUNDLE_IDENTIFIER = tongji.edu.cn.FlowerCode;
				PRODUCT_NAME = FlowerCode;
				SWIFT_EMIT_LOC_STRINGS = YES;
				SWIFT_VERSION = 5.0;
				TARGETED_DEVICE_FAMILY = "1,2";
			};
			name = Release;
		};
/* End XCBuildConfiguration section */

/* Begin XCConfigurationList section */
		AF35404E28748A1100A39E33 /* Build configuration list for PBXProject "FlowerCode" */ = {
			isa = XCConfigurationList;
			buildConfigurations = (
				AF35406428748A1200A39E33 /* Debug */,
				AF35406528748A1200A39E33 /* Release */,
			);
			defaultConfigurationIsVisible = 0;
			defaultConfigurationName = Release;
		};
		AF35406628748A1200A39E33 /* Build configuration list for PBXNativeTarget "FlowerCode" */ = {
			isa = XCConfigurationList;
			buildConfigurations = (
				AF35406728748A1200A39E33 /* Debug */,
				AF35406828748A1200A39E33 /* Release */,
			);
			defaultConfigurationIsVisible = 0;
			defaultConfigurationName = Release;
		};
/* End XCConfigurationList section */

/* Begin XCVersionGroup section */
		AF35406128748A1200A39E33 /* FlowerCode.xcdatamodeld */ = {
			isa = XCVersionGroup;
			children = (
				AF35406228748A1200A39E33 /* FlowerCode.xcdatamodel */,
			);
			currentVersion = AF35406228748A1200A39E33 /* FlowerCode.xcdatamodel */;
			path = FlowerCode.xcdatamodeld;
			sourceTree = "<group>";
			versionGroupType = wrapper.xcdatamodel;
		};
/* End XCVersionGroup section */
	};
	rootObject = AF35404B28748A1100A39E33 /* Project object */;
}
